
Microsoft Visual Studio Solution File, Format Version 12.00
# Visual Studio Version 16
VisualStudioVersion = 16.0.28803.452
MinimumVisualStudioVersion = 10.0.40219.1
Project("{FAE04EC0-301F-11D3-BF4B-00C04F79EFBC}") = "AssetTracking", "AssetTracking\AssetTracking.csproj", "{940EB4B8-B270-41B6-B6A2-9F9E98AAC628}"
EndProject
Global
	GlobalSection(SolutionConfigurationPlatforms) = preSolution
		Debug|Any CPU = Debug|Any CPU
		Release|Any CPU = Release|Any CPU
	EndGlobalSection
	GlobalSection(ProjectConfigurationPlatforms) = postSolution
		{940EB4B8-B270-41B6-B6A2-9F9E98AAC628}.Debug|Any CPU.ActiveCfg = Debug|Any CPU
		{940EB4B8-B270-41B6-B6A2-9F9E98AAC628}.Debug|Any CPU.Build.0 = Debug|Any CPU
		{940EB4B8-B270-41B6-B6A2-9F9E98AAC628}.Release|Any CPU.ActiveCfg = Release|Any CPU
		{940EB4B8-B270-41B6-B6A2-9F9E98AAC628}.Release|Any CPU.Build.0 = Release|Any CPU
	EndGlobalSection
	GlobalSection(SolutionProperties) = preSolution
		HideSolutionNode = FALSE
	EndGlobalSection
	GlobalSection(ExtensibilityGlobals) = postSolution
		SolutionGuid = {20C95444-71E5-42AF-9975-66BF72481D7B}
	EndGlobalSection
EndGlobal
